
Microsoft Visual Studio Solution File, Format Version 12.00
# Visual Studio Version 17
VisualStudioVersion = 17.3.32901.215
MinimumVisualStudioVersion = 10.0.40219.1
Project("{FAE04EC0-301F-11D3-BF4B-00C04F79EFBC}") = "stack kullanımı-777", "stack kullanımı-777\stack kullanımı-777.csproj", "{7634BEC2-0FD0-4BCE-9589-C6201BFEEDD6}"
EndProject
Global
	GlobalSection(SolutionConfigurationPlatforms) = preSolution
		Debug|Any CPU = Debug|Any CPU
		Release|Any CPU = Release|Any CPU
	EndGlobalSection
	GlobalSection(ProjectConfigurationPlatforms) = postSolution
		{7634BEC2-0FD0-4BCE-9589-C6201BFEEDD6}.Debug|Any CPU.ActiveCfg = Debug|Any CPU
		{7634BEC2-0FD0-4BCE-9589-C6201BFEEDD6}.Debug|Any CPU.Build.0 = Debug|Any CPU
		{7634BEC2-0FD0-4BCE-9589-C6201BFEEDD6}.Release|Any CPU.ActiveCfg = Release|Any CPU
		{7634BEC2-0FD0-4BCE-9589-C6201BFEEDD6}.Release|Any CPU.Build.0 = Release|Any CPU
	EndGlobalSection
	GlobalSection(SolutionProperties) = preSolution
		HideSolutionNode = FALSE
	EndGlobalSection
	GlobalSection(ExtensibilityGlobals) = postSolution
		SolutionGuid = {1FDA2785-B37C-4EAA-A0DF-A32B35B633F3}
	EndGlobalSection
EndGlobal
